
Microsoft Visual Studio Solution File, Format Version 12.00
# Visual Studio Version 17
VisualStudioVersion = 17.0.31903.59
MinimumVisualStudioVersion = 10.0.40219.1
Project("{FAE04EC0-301F-11D3-BF4B-00C04F79EFBC}") = "StoringSqlFilesInResources", "StoringSqlFilesInResources\StoringSqlFilesInResources.csproj", "{A6F8BA3B-5E18-42E3-B22E-73A1AF1D4399}"
EndProject
Global
	GlobalSection(SolutionConfigurationPlatforms) = preSolution
		Debug|Any CPU = Debug|Any CPU
		Release|Any CPU = Release|Any CPU
	EndGlobalSection
	GlobalSection(ProjectConfigurationPlatforms) = postSolution
		{A6F8BA3B-5E18-42E3-B22E-73A1AF1D4399}.Debug|Any CPU.ActiveCfg = Debug|Any CPU
		{A6F8BA3B-5E18-42E3-B22E-73A1AF1D4399}.Debug|Any CPU.Build.0 = Debug|Any CPU
		{A6F8BA3B-5E18-42E3-B22E-73A1AF1D4399}.Release|Any CPU.ActiveCfg = Release|Any CPU
		{A6F8BA3B-5E18-42E3-B22E-73A1AF1D4399}.Release|Any CPU.Build.0 = Release|Any CPU
	EndGlobalSection
	GlobalSection(SolutionProperties) = preSolution
		HideSolutionNode = FALSE
	EndGlobalSection
	GlobalSection(ExtensibilityGlobals) = postSolution
		SolutionGuid = {76186673-715D-4BD4-B67E-A61779D964E8}
	EndGlobalSection
EndGlobal
